// !$*UTF8*$!
{
	archiveVersion = 1;
	classes = {
	};
	objectVersion = 56;
	objects = {

/* Begin PBXBuildFile section */
		E8C4C2DC2A4F9EFC005C2935 /* LightstreamerStocksPullingApp.swift in Sources */ = {isa = PBXBuildFile; fileRef = E8C4C2DB2A4F9EFC005C2935 /* LightstreamerStocksPullingApp.swift */; };
		E8C4C2DE2A4F9EFC005C2935 /* ContentView.swift in Sources */ = {isa = PBXBuildFile; fileRef = E8C4C2DD2A4F9EFC005C2935 /* ContentView.swift */; };
		E8C4C2E02A4F9EFD005C2935 /* Assets.xcassets in Resources */ = {isa = PBXBuildFile; fileRef = E8C4C2DF2A4F9EFD005C2935 /* Assets.xcassets */; };
		E8C4C2E42A4F9EFD005C2935 /* Preview Assets.xcassets in Resources */ = {isa = PBXBuildFile; fileRef = E8C4C2E32A4F9EFD005C2935 /* Preview Assets.xcassets */; };
		E8C4C2EE2A4F9EFD005C2935 /* LightstreamerStocksPullingTests.swift in Sources */ = {isa = PBXBuildFile; fileRef = E8C4C2ED2A4F9EFD005C2935 /* LightstreamerStocksPullingTests.swift */; };
		E8C4C2F82A4F9EFD005C2935 /* LightstreamerStocksPullingUITests.swift in Sources */ = {isa = PBXBuildFile; fileRef = E8C4C2F72A4F9EFD005C2935 /* LightstreamerStocksPullingUITests.swift */; };
		E8C4C2FA2A4F9EFD005C2935 /* LightstreamerStocksPullingUITestsLaunchTests.swift in Sources */ = {isa = PBXBuildFile; fileRef = E8C4C2F92A4F9EFD005C2935 /* LightstreamerStocksPullingUITestsLaunchTests.swift */; };
		E8C4C3092A4FA69B005C2935 /* LightstreamerViewModel.swift in Sources */ = {isa = PBXBuildFile; fileRef = E8C4C3082A4FA69B005C2935 /* LightstreamerViewModel.swift */; };
		E8C4C30C2A4FA7E3005C2935 /* Stock.swift in Sources */ = {isa = PBXBuildFile; fileRef = E8C4C30B2A4FA7E3005C2935 /* Stock.swift */; };
/* End PBXBuildFile section */

/* Begin PBXContainerItemProxy section */
		E8C4C2EA2A4F9EFD005C2935 /* PBXContainerItemProxy */ = {
			isa = PBXContainerItemProxy;
			containerPortal = E8C4C2D02A4F9EFC005C2935 /* Project object */;
			proxyType = 1;
			remoteGlobalIDString = E8C4C2D72A4F9EFC005C2935;
			remoteInfo = LightstreamerStocksPulling;
		};
		E8C4C2F42A4F9EFD005C2935 /* PBXContainerItemProxy */ = {
			isa = PBXContainerItemProxy;
			containerPortal = E8C4C2D02A4F9EFC005C2935 /* Project object */;
			proxyType = 1;
			remoteGlobalIDString = E8C4C2D72A4F9EFC005C2935;
			remoteInfo = LightstreamerStocksPulling;
		};
/* End PBXContainerItemProxy section */

/* Begin PBXFileReference section */
		E8C4C2D82A4F9EFC005C2935 /* LightstreamerStocksPulling.app */ = {isa = PBXFileReference; explicitFileType = wrapper.application; includeInIndex = 0; path = LightstreamerStocksPulling.app; sourceTree = BUILT_PRODUCTS_DIR; };
		E8C4C2DB2A4F9EFC005C2935 /* LightstreamerStocksPullingApp.swift */ = {isa = PBXFileReference; lastKnownFileType = sourcecode.swift; path = LightstreamerStocksPullingApp.swift; sourceTree = "<group>"; };
		E8C4C2DD2A4F9EFC005C2935 /* ContentView.swift */ = {isa = PBXFileReference; lastKnownFileType = sourcecode.swift; path = ContentView.swift; sourceTree = "<group>"; };
		E8C4C2DF2A4F9EFD005C2935 /* Assets.xcassets */ = {isa = PBXFileReference; lastKnownFileType = folder.assetcatalog; path = Assets.xcassets; sourceTree = "<group>"; };
		E8C4C2E12A4F9EFD005C2935 /* LightstreamerStocksPulling.entitlements */ = {isa = PBXFileReference; lastKnownFileType = text.plist.entitlements; path = LightstreamerStocksPulling.entitlements; sourceTree = "<group>"; };
		E8C4C2E32A4F9EFD005C2935 /* Preview Assets.xcassets */ = {isa = PBXFileReference; lastKnownFileType = folder.assetcatalog; path = "Preview Assets.xcassets"; sourceTree = "<group>"; };
		E8C4C2E92A4F9EFD005C2935 /* LightstreamerStocksPullingTests.xctest */ = {isa = PBXFileReference; explicitFileType = wrapper.cfbundle; includeInIndex = 0; path = LightstreamerStocksPullingTests.xctest; sourceTree = BUILT_PRODUCTS_DIR; };
		E8C4C2ED2A4F9EFD005C2935 /* LightstreamerStocksPullingTests.swift */ = {isa = PBXFileReference; lastKnownFileType = sourcecode.swift; path = LightstreamerStocksPullingTests.swift; sourceTree = "<group>"; };
		E8C4C2F32A4F9EFD005C2935 /* LightstreamerStocksPullingUITests.xctest */ = {isa = PBXFileReference; explicitFileType = wrapper.cfbundle; includeInIndex = 0; path = LightstreamerStocksPullingUITests.xctest; sourceTree = BUILT_PRODUCTS_DIR; };
		E8C4C2F72A4F9EFD005C2935 /* LightstreamerStocksPullingUITests.swift */ = {isa = PBXFileReference; lastKnownFileType = sourcecode.swift; path = LightstreamerStocksPullingUITests.swift; sourceTree = "<group>"; };
		E8C4C2F92A4F9EFD005C2935 /* LightstreamerStocksPullingUITestsLaunchTests.swift */ = {isa = PBXFileReference; lastKnownFileType = sourcecode.swift; path = LightstreamerStocksPullingUITestsLaunchTests.swift; sourceTree = "<group>"; };
		E8C4C3082A4FA69B005C2935 /* LightstreamerViewModel.swift */ = {isa = PBXFileReference; lastKnownFileType = sourcecode.swift; path = LightstreamerViewModel.swift; sourceTree = "<group>"; };
		E8C4C30B2A4FA7E3005C2935 /* Stock.swift */ = {isa = PBXFileReference; lastKnownFileType = sourcecode.swift; path = Stock.swift; sourceTree = "<group>"; };
/* End PBXFileReference section */

/* Begin PBXFrameworksBuildPhase section */
		E8C4C2D52A4F9EFC005C2935 /* Frameworks */ = {
			isa = PBXFrameworksBuildPhase;
			buildActionMask = 2147483647;
			files = (
			);
			runOnlyForDeploymentPostprocessing = 0;
		};
		E8C4C2E62A4F9EFD005C2935 /* Frameworks */ = {
			isa = PBXFrameworksBuildPhase;
			buildActionMask = 2147483647;
			files = (
			);
			runOnlyForDeploymentPostprocessing = 0;
		};
		E8C4C2F02A4F9EFD005C2935 /* Frameworks */ = {
			isa = PBXFrameworksBuildPhase;
			buildActionMask = 2147483647;
			files = (
			);
			runOnlyForDeploymentPostprocessing = 0;
		};
/* End PBXFrameworksBuildPhase section */

/* Begin PBXGroup section */
		E8C4C2CF2A4F9EFC005C2935 = {
			isa = PBXGroup;
			children = (
				E8C4C2DA2A4F9EFC005C2935 /* LightstreamerStocksPulling */,
				E8C4C2EC2A4F9EFD005C2935 /* LightstreamerStocksPullingTests */,
				E8C4C2F62A4F9EFD005C2935 /* LightstreamerStocksPullingUITests */,
				E8C4C2D92A4F9EFC005C2935 /* Products */,
			);
			sourceTree = "<group>";
		};
		E8C4C2D92A4F9EFC005C2935 /* Products */ = {
			isa = PBXGroup;
			children = (
				E8C4C2D82A4F9EFC005C2935 /* LightstreamerStocksPulling.app */,
				E8C4C2E92A4F9EFD005C2935 /* LightstreamerStocksPullingTests.xctest */,
				E8C4C2F32A4F9EFD005C2935 /* LightstreamerStocksPullingUITests.xctest */,
			);
			name = Products;
			sourceTree = "<group>";
		};
		E8C4C2DA2A4F9EFC005C2935 /* LightstreamerStocksPulling */ = {
			isa = PBXGroup;
			children = (
				E8C4C30A2A4FA75F005C2935 /* ProjectFiles */,
				E8C4C2DB2A4F9EFC005C2935 /* LightstreamerStocksPullingApp.swift */,
				E8C4C2DD2A4F9EFC005C2935 /* ContentView.swift */,
				E8C4C2DF2A4F9EFD005C2935 /* Assets.xcassets */,
				E8C4C2E12A4F9EFD005C2935 /* LightstreamerStocksPulling.entitlements */,
				E8C4C2E22A4F9EFD005C2935 /* Preview Content */,
			);
			path = LightstreamerStocksPulling;
			sourceTree = "<group>";
		};
		E8C4C2E22A4F9EFD005C2935 /* Preview Content */ = {
			isa = PBXGroup;
			children = (
				E8C4C2E32A4F9EFD005C2935 /* Preview Assets.xcassets */,
			);
			path = "Preview Content";
			sourceTree = "<group>";
		};
		E8C4C2EC2A4F9EFD005C2935 /* LightstreamerStocksPullingTests */ = {
			isa = PBXGroup;
			children = (
				E8C4C2ED2A4F9EFD005C2935 /* LightstreamerStocksPullingTests.swift */,
			);
			path = LightstreamerStocksPullingTests;
			sourceTree = "<group>";
		};
		E8C4C2F62A4F9EFD005C2935 /* LightstreamerStocksPullingUITests */ = {
			isa = PBXGroup;
			children = (
				E8C4C2F72A4F9EFD005C2935 /* LightstreamerStocksPullingUITests.swift */,
				E8C4C2F92A4F9EFD005C2935 /* LightstreamerStocksPullingUITestsLaunchTests.swift */,
			);
			path = LightstreamerStocksPullingUITests;
			sourceTree = "<group>";
		};
		E8C4C3062A4FA00E005C2935 /* Model */ = {
			isa = PBXGroup;
			children = (
				E8C4C30B2A4FA7E3005C2935 /* Stock.swift */,
			);
			path = Model;
			sourceTree = "<group>";
		};
		E8C4C3072A4FA014005C2935 /* ViewModel */ = {
			isa = PBXGroup;
			children = (
				E8C4C3082A4FA69B005C2935 /* LightstreamerViewModel.swift */,
			);
			path = ViewModel;
			sourceTree = "<group>";
		};
		E8C4C30A2A4FA75F005C2935 /* ProjectFiles */ = {
			isa = PBXGroup;
			children = (
				E8C4C3062A4FA00E005C2935 /* Model */,
				E8C4C3072A4FA014005C2935 /* ViewModel */,
			);
			path = ProjectFiles;
			sourceTree = "<group>";
		};
/* End PBXGroup section */

/* Begin PBXNativeTarget section */
		E8C4C2D72A4F9EFC005C2935 /* LightstreamerStocksPulling */ = {
			isa = PBXNativeTarget;
			buildConfigurationList = E8C4C2FD2A4F9EFD005C2935 /* Build configuration list for PBXNativeTarget "LightstreamerStocksPulling" */;
			buildPhases = (
				E8C4C2D42A4F9EFC005C2935 /* Sources */,
				E8C4C2D52A4F9EFC005C2935 /* Frameworks */,
				E8C4C2D62A4F9EFC005C2935 /* Resources */,
			);
			buildRules = (
			);
			dependencies = (
			);
			name = LightstreamerStocksPulling;
			productName = LightstreamerStocksPulling;
			productReference = E8C4C2D82A4F9EFC005C2935 /* LightstreamerStocksPulling.app */;
			productType = "com.apple.product-type.application";
		};
		E8C4C2E82A4F9EFD005C2935 /* LightstreamerStocksPullingTests */ = {
			isa = PBXNativeTarget;
			buildConfigurationList = E8C4C3002A4F9EFD005C2935 /* Build configuration list for PBXNativeTarget "LightstreamerStocksPullingTests" */;
			buildPhases = (
				E8C4C2E52A4F9EFD005C2935 /* Sources */,
				E8C4C2E62A4F9EFD005C2935 /* Frameworks */,
				E8C4C2E72A4F9EFD005C2935 /* Resources */,
			);
			buildRules = (
			);
			dependencies = (
				E8C4C2EB2A4F9EFD005C2935 /* PBXTargetDependency */,
			);
			name = LightstreamerStocksPullingTests;
			productName = LightstreamerStocksPullingTests;
			productReference = E8C4C2E92A4F9EFD005C2935 /* LightstreamerStocksPullingTests.xctest */;
			productType = "com.apple.product-type.bundle.unit-test";
		};
		E8C4C2F22A4F9EFD005C2935 /* LightstreamerStocksPullingUITests */ = {
			isa = PBXNativeTarget;
			buildConfigurationList = E8C4C3032A4F9EFD005C2935 /* Build configuration list for PBXNativeTarget "LightstreamerStocksPullingUITests" */;
			buildPhases = (
				E8C4C2EF2A4F9EFD005C2935 /* Sources */,
				E8C4C2F02A4F9EFD005C2935 /* Frameworks */,
				E8C4C2F12A4F9EFD005C2935 /* Resources */,
			);
			buildRules = (
			);
			dependencies = (
				E8C4C2F52A4F9EFD005C2935 /* PBXTargetDependency */,
			);
			name = LightstreamerStocksPullingUITests;
			productName = LightstreamerStocksPullingUITests;
			productReference = E8C4C2F32A4F9EFD005C2935 /* LightstreamerStocksPullingUITests.xctest */;
			productType = "com.apple.product-type.bundle.ui-testing";
		};
/* End PBXNativeTarget section */

/* Begin PBXProject section */
		E8C4C2D02A4F9EFC005C2935 /* Project object */ = {
			isa = PBXProject;
			attributes = {
				BuildIndependentTargetsInParallel = 1;
				LastSwiftUpdateCheck = 1430;
				LastUpgradeCheck = 1430;
				TargetAttributes = {
					E8C4C2D72A4F9EFC005C2935 = {
						CreatedOnToolsVersion = 14.3;
					};
					E8C4C2E82A4F9EFD005C2935 = {
						CreatedOnToolsVersion = 14.3;
						TestTargetID = E8C4C2D72A4F9EFC005C2935;
					};
					E8C4C2F22A4F9EFD005C2935 = {
						CreatedOnToolsVersion = 14.3;
						TestTargetID = E8C4C2D72A4F9EFC005C2935;
					};
				};
			};
			buildConfigurationList = E8C4C2D32A4F9EFC005C2935 /* Build configuration list for PBXProject "LightstreamerStocksPulling" */;
			compatibilityVersion = "Xcode 14.0";
			developmentRegion = en;
			hasScannedForEncodings = 0;
			knownRegions = (
				en,
				Base,
			);
			mainGroup = E8C4C2CF2A4F9EFC005C2935;
			productRefGroup = E8C4C2D92A4F9EFC005C2935 /* Products */;
			projectDirPath = "";
			projectRoot = "";
			targets = (
				E8C4C2D72A4F9EFC005C2935 /* LightstreamerStocksPulling */,
				E8C4C2E82A4F9EFD005C2935 /* LightstreamerStocksPullingTests */,
				E8C4C2F22A4F9EFD005C2935 /* LightstreamerStocksPullingUITests */,
			);
		};
/* End PBXProject section */

/* Begin PBXResourcesBuildPhase section */
		E8C4C2D62A4F9EFC005C2935 /* Resources */ = {
			isa = PBXResourcesBuildPhase;
			buildActionMask = 2147483647;
			files = (
				E8C4C2E42A4F9EFD005C2935 /* Preview Assets.xcassets in Resources */,
				E8C4C2E02A4F9EFD005C2935 /* Assets.xcassets in Resources */,
			);
			runOnlyForDeploymentPostprocessing = 0;
		};
		E8C4C2E72A4F9EFD005C2935 /* Resources */ = {
			isa = PBXResourcesBuildPhase;
			buildActionMask = 2147483647;
			files = (
			);
			runOnlyForDeploymentPostprocessing = 0;
		};
		E8C4C2F12A4F9EFD005C2935 /* Resources */ = {
			isa = PBXResourcesBuildPhase;
			buildActionMask = 2147483647;
			files = (
			);
			runOnlyForDeploymentPostprocessing = 0;
		};
/* End PBXResourcesBuildPhase section */

/* Begin PBXSourcesBuildPhase section */
		E8C4C2D42A4F9EFC005C2935 /* Sources */ = {
			isa = PBXSourcesBuildPhase;
			buildActionMask = 2147483647;
			files = (
				E8C4C3092A4FA69B005C2935 /* LightstreamerViewModel.swift in Sources */,
				E8C4C2DE2A4F9EFC005C2935 /* ContentView.swift in Sources */,
				E8C4C30C2A4FA7E3005C2935 /* Stock.swift in Sources */,
				E8C4C2DC2A4F9EFC005C2935 /* LightstreamerStocksPullingApp.swift in Sources */,
			);
			runOnlyForDeploymentPostprocessing = 0;
		};
		E8C4C2E52A4F9EFD005C2935 /* Sources */ = {
			isa = PBXSourcesBuildPhase;
			buildActionMask = 2147483647;
			files = (
				E8C4C2EE2A4F9EFD005C2935 /* LightstreamerStocksPullingTests.swift in Sources */,
			);
			runOnlyForDeploymentPostprocessing = 0;
		};
		E8C4C2EF2A4F9EFD005C2935 /* Sources */ = {
			isa = PBXSourcesBuildPhase;
			buildActionMask = 2147483647;
			files = (
				E8C4C2F82A4F9EFD005C2935 /* LightstreamerStocksPullingUITests.swift in Sources */,
				E8C4C2FA2A4F9EFD005C2935 /* LightstreamerStocksPullingUITestsLaunchTests.swift in Sources */,
			);
			runOnlyForDeploymentPostprocessing = 0;
		};
/* End PBXSourcesBuildPhase section */

/* Begin PBXTargetDependency section */
		E8C4C2EB2A4F9EFD005C2935 /* PBXTargetDependency */ = {
			isa = PBXTargetDependency;
			target = E8C4C2D72A4F9EFC005C2935 /* LightstreamerStocksPulling */;
			targetProxy = E8C4C2EA2A4F9EFD005C2935 /* PBXContainerItemProxy */;
		};
		E8C4C2F52A4F9EFD005C2935 /* PBXTargetDependency */ = {
			isa = PBXTargetDependency;
			target = E8C4C2D72A4F9EFC005C2935 /* LightstreamerStocksPulling */;
			targetProxy = E8C4C2F42A4F9EFD005C2935 /* PBXContainerItemProxy */;
		};
/* End PBXTargetDependency section */

/* Begin XCBuildConfiguration section */
		E8C4C2FB2A4F9EFD005C2935 /* Debug */ = {
			isa = XCBuildConfiguration;
			buildSettings = {
				ALWAYS_SEARCH_USER_PATHS = NO;
				CLANG_ANALYZER_NONNULL = YES;
				CLANG_ANALYZER_NUMBER_OBJECT_CONVERSION = YES_AGGRESSIVE;
				CLANG_CXX_LANGUAGE_STANDARD = "gnu++20";
				CLANG_ENABLE_MODULES = YES;
				CLANG_ENABLE_OBJC_ARC = YES;
				CLANG_ENABLE_OBJC_WEAK = YES;
				CLANG_WARN_BLOCK_CAPTURE_AUTORELEASING = YES;
				CLANG_WARN_BOOL_CONVERSION = YES;
				CLANG_WARN_COMMA = YES;
				CLANG_WARN_CONSTANT_CONVERSION = YES;
				CLANG_WARN_DEPRECATED_OBJC_IMPLEMENTATIONS = YES;
				CLANG_WARN_DIRECT_OBJC_ISA_USAGE = YES_ERROR;
				CLANG_WARN_DOCUMENTATION_COMMENTS = YES;
				CLANG_WARN_EMPTY_BODY = YES;
				CLANG_WARN_ENUM_CONVERSION = YES;
				CLANG_WARN_INFINITE_RECURSION = YES;
				CLANG_WARN_INT_CONVERSION = YES;
				CLANG_WARN_NON_LITERAL_NULL_CONVERSION = YES;
				CLANG_WARN_OBJC_IMPLICIT_RETAIN_SELF = YES;
				CLANG_WARN_OBJC_LITERAL_CONVERSION = YES;
				CLANG_WARN_OBJC_ROOT_CLASS = YES_ERROR;
				CLANG_WARN_QUOTED_INCLUDE_IN_FRAMEWORK_HEADER = YES;
				CLANG_WARN_RANGE_LOOP_ANALYSIS = YES;
				CLANG_WARN_STRICT_PROTOTYPES = YES;
				CLANG_WARN_SUSPICIOUS_MOVE = YES;
				CLANG_WARN_UNGUARDED_AVAILABILITY = YES_AGGRESSIVE;
				CLANG_WARN_UNREACHABLE_CODE = YES;
				CLANG_WARN__DUPLICATE_METHOD_MATCH = YES;
				COPY_PHASE_STRIP = NO;
				DEBUG_INFORMATION_FORMAT = dwarf;
				ENABLE_STRICT_OBJC_MSGSEND = YES;
				ENABLE_TESTABILITY = YES;
				GCC_C_LANGUAGE_STANDARD = gnu11;
				GCC_DYNAMIC_NO_PIC = NO;
				GCC_NO_COMMON_BLOCKS = YES;
				GCC_OPTIMIZATION_LEVEL = 0;
				GCC_PREPROCESSOR_DEFINITIONS = (
					"DEBUG=1",
					"$(inherited)",
				);
				GCC_WARN_64_TO_32_BIT_CONVERSION = YES;
				GCC_WARN_ABOUT_RETURN_TYPE = YES_ERROR;
				GCC_WARN_UNDECLARED_SELECTOR = YES;
				GCC_WARN_UNINITIALIZED_AUTOS = YES_AGGRESSIVE;
				GCC_WARN_UNUSED_FUNCTION = YES;
				GCC_WARN_UNUSED_VARIABLE = YES;
				MTL_ENABLE_DEBUG_INFO = INCLUDE_SOURCE;
				MTL_FAST_MATH = YES;
				ONLY_ACTIVE_ARCH = YES;
				SWIFT_ACTIVE_COMPILATION_CONDITIONS = DEBUG;
				SWIFT_OPTIMIZATION_LEVEL = "-Onone";
			};
			name = Debug;
		};
		E8C4C2FC2A4F9EFD005C2935 /* Release */ = {
			isa = XCBuildConfiguration;
			buildSettings = {
				ALWAYS_SEARCH_USER_PATHS = NO;
				CLANG_ANALYZER_NONNULL = YES;
				CLANG_ANALYZER_NUMBER_OBJECT_CONVERSION = YES_AGGRESSIVE;
				CLANG_CXX_LANGUAGE_STANDARD = "gnu++20";
				CLANG_ENABLE_MODULES = YES;
				CLANG_ENABLE_OBJC_ARC = YES;
				CLANG_ENABLE_OBJC_WEAK = YES;
				CLANG_WARN_BLOCK_CAPTURE_AUTORELEASING = YES;
				CLANG_WARN_BOOL_CONVERSION = YES;
				CLANG_WARN_COMMA = YES;
				CLANG_WARN_CONSTANT_CONVERSION = YES;
				CLANG_WARN_DEPRECATED_OBJC_IMPLEMENTATIONS = YES;
				CLANG_WARN_DIRECT_OBJC_ISA_USAGE = YES_ERROR;
				CLANG_WARN_DOCUMENTATION_COMMENTS = YES;
				CLANG_WARN_EMPTY_BODY = YES;
				CLANG_WARN_ENUM_CONVERSION = YES;
				CLANG_WARN_INFINITE_RECURSION = YES;
				CLANG_WARN_INT_CONVERSION = YES;
				CLANG_WARN_NON_LITERAL_NULL_CONVERSION = YES;
				CLANG_WARN_OBJC_IMPLICIT_RETAIN_SELF = YES;
				CLANG_WARN_OBJC_LITERAL_CONVERSION = YES;
				CLANG_WARN_OBJC_ROOT_CLASS = YES_ERROR;
				CLANG_WARN_QUOTED_INCLUDE_IN_FRAMEWORK_HEADER = YES;
				CLANG_WARN_RANGE_LOOP_ANALYSIS = YES;
				CLANG_WARN_STRICT_PROTOTYPES = YES;
				CLANG_WARN_SUSPICIOUS_MOVE = YES;
				CLANG_WARN_UNGUARDED_AVAILABILITY = YES_AGGRESSIVE;
				CLANG_WARN_UNREACHABLE_CODE = YES;
				CLANG_WARN__DUPLICATE_METHOD_MATCH = YES;
				COPY_PHASE_STRIP = NO;
				DEBUG_INFORMATION_FORMAT = "dwarf-with-dsym";
				ENABLE_NS_ASSERTIONS = NO;
				ENABLE_STRICT_OBJC_MSGSEND = YES;
				GCC_C_LANGUAGE_STANDARD = gnu11;
				GCC_NO_COMMON_BLOCKS = YES;
				GCC_WARN_64_TO_32_BIT_CONVERSION = YES;
				GCC_WARN_ABOUT_RETURN_TYPE = YES_ERROR;
				GCC_WARN_UNDECLARED_SELECTOR = YES;
				GCC_WARN_UNINITIALIZED_AUTOS = YES_AGGRESSIVE;
				GCC_WARN_UNUSED_FUNCTION = YES;
				GCC_WARN_UNUSED_VARIABLE = YES;
				MTL_ENABLE_DEBUG_INFO = NO;
				MTL_FAST_MATH = YES;
				SWIFT_COMPILATION_MODE = wholemodule;
				SWIFT_OPTIMIZATION_LEVEL = "-O";
			};
			name = Release;
		};
		E8C4C2FE2A4F9EFD005C2935 /* Debug */ = {
			isa = XCBuildConfiguration;
			buildSettings = {
				ASSETCATALOG_COMPILER_APPICON_NAME = AppIcon;
				ASSETCATALOG_COMPILER_GLOBAL_ACCENT_COLOR_NAME = AccentColor;
				CODE_SIGN_ENTITLEMENTS = LightstreamerStocksPulling/LightstreamerStocksPulling.entitlements;
				CODE_SIGN_STYLE = Automatic;
				CURRENT_PROJECT_VERSION = 1;
				DEVELOPMENT_ASSET_PATHS = "\"LightstreamerStocksPulling/Preview Content\"";
				DEVELOPMENT_TEAM = AQQ727BA3V;
				ENABLE_HARDENED_RUNTIME = YES;
				ENABLE_PREVIEWS = YES;
				GENERATE_INFOPLIST_FILE = YES;
				"INFOPLIST_KEY_UIApplicationSceneManifest_Generation[sdk=iphoneos*]" = YES;
				"INFOPLIST_KEY_UIApplicationSceneManifest_Generation[sdk=iphonesimulator*]" = YES;
				"INFOPLIST_KEY_UIApplicationSupportsIndirectInputEvents[sdk=iphoneos*]" = YES;
				"INFOPLIST_KEY_UIApplicationSupportsIndirectInputEvents[sdk=iphonesimulator*]" = YES;
				"INFOPLIST_KEY_UILaunchScreen_Generation[sdk=iphoneos*]" = YES;
				"INFOPLIST_KEY_UILaunchScreen_Generation[sdk=iphonesimulator*]" = YES;
				"INFOPLIST_KEY_UIStatusBarStyle[sdk=iphoneos*]" = UIStatusBarStyleDefault;
				"INFOPLIST_KEY_UIStatusBarStyle[sdk=iphonesimulator*]" = UIStatusBarStyleDefault;
				INFOPLIST_KEY_UISupportedInterfaceOrientations_iPad = "UIInterfaceOrientationPortrait UIInterfaceOrientationPortraitUpsideDown UIInterfaceOrientationLandscapeLeft UIInterfaceOrientationLandscapeRight";
				INFOPLIST_KEY_UISupportedInterfaceOrientations_iPhone = "UIInterfaceOrientationPortrait UIInterfaceOrientationLandscapeLeft UIInterfaceOrientationLandscapeRight";
				IPHONEOS_DEPLOYMENT_TARGET = 16.4;
				LD_RUNPATH_SEARCH_PATHS = "@executable_path/Frameworks";
				"LD_RUNPATH_SEARCH_PATHS[sdk=macosx*]" = "@executable_path/../Frameworks";
				MACOSX_DEPLOYMENT_TARGET = 13.3;
				MARKETING_VERSION = 1.0;
				PRODUCT_BUNDLE_IDENTIFIER = brunno.castigrini.LightstreamerStocksPulling;
				PRODUCT_NAME = "$(TARGET_NAME)";
				SDKROOT = auto;
				SUPPORTED_PLATFORMS = "iphoneos iphonesimulator macosx";
				SWIFT_EMIT_LOC_STRINGS = YES;
				SWIFT_VERSION = 5.0;
				TARGETED_DEVICE_FAMILY = "1,2";
			};
			name = Debug;
		};
		E8C4C2FF2A4F9EFD005C2935 /* Release */ = {
			isa = XCBuildConfiguration;
			buildSettings = {
				ASSETCATALOG_COMPILER_APPICON_NAME = AppIcon;
				ASSETCATALOG_COMPILER_GLOBAL_ACCENT_COLOR_NAME = AccentColor;
				CODE_SIGN_ENTITLEMENTS = LightstreamerStocksPulling/LightstreamerStocksPulling.entitlements;
				CODE_SIGN_STYLE = Automatic;
				CURRENT_PROJECT_VERSION = 1;
				DEVELOPMENT_ASSET_PATHS = "\"LightstreamerStocksPulling/Preview Content\"";
				DEVELOPMENT_TEAM = AQQ727BA3V;
				ENABLE_HARDENED_RUNTIME = YES;
				ENABLE_PREVIEWS = YES;
				GENERATE_INFOPLIST_FILE = YES;
				"INFOPLIST_KEY_UIApplicationSceneManifest_Generation[sdk=iphoneos*]" = YES;
				"INFOPLIST_KEY_UIApplicationSceneManifest_Generation[sdk=iphonesimulator*]" = YES;
				"INFOPLIST_KEY_UIApplicationSupportsIndirectInputEvents[sdk=iphoneos*]" = YES;
				"INFOPLIST_KEY_UIApplicationSupportsIndirectInputEvents[sdk=iphonesimulator*]" = YES;
				"INFOPLIST_KEY_UILaunchScreen_Generation[sdk=iphoneos*]" = YES;
				"INFOPLIST_KEY_UILaunchScreen_Generation[sdk=iphonesimulator*]" = YES;
				"INFOPLIST_KEY_UIStatusBarStyle[sdk=iphoneos*]" = UIStatusBarStyleDefault;
				"INFOPLIST_KEY_UIStatusBarStyle[sdk=iphonesimulator*]" = UIStatusBarStyleDefault;
				INFOPLIST_KEY_UISupportedInterfaceOrientations_iPad = "UIInterfaceOrientationPortrait UIInterfaceOrientationPortraitUpsideDown UIInterfaceOrientationLandscapeLeft UIInterfaceOrientationLandscapeRight";
				INFOPLIST_KEY_UISupportedInterfaceOrientations_iPhone = "UIInterfaceOrientationPortrait UIInterfaceOrientationLandscapeLeft UIInterfaceOrientationLandscapeRight";
				IPHONEOS_DEPLOYMENT_TARGET = 16.4;
				LD_RUNPATH_SEARCH_PATHS = "@executable_path/Frameworks";
				"LD_RUNPATH_SEARCH_PATHS[sdk=macosx*]" = "@executable_path/../Frameworks";
				MACOSX_DEPLOYMENT_TARGET = 13.3;
				MARKETING_VERSION = 1.0;
				PRODUCT_BUNDLE_IDENTIFIER = brunno.castigrini.LightstreamerStocksPulling;
				PRODUCT_NAME = "$(TARGET_NAME)";
				SDKROOT = auto;
				SUPPORTED_PLATFORMS = "iphoneos iphonesimulator macosx";
				SWIFT_EMIT_LOC_STRINGS = YES;
				SWIFT_VERSION = 5.0;
				TARGETED_DEVICE_FAMILY = "1,2";
			};
			name = Release;
		};
		E8C4C3012A4F9EFD005C2935 /* Debug */ = {
			isa = XCBuildConfiguration;
			buildSettings = {
				ALWAYS_EMBED_SWIFT_STANDARD_LIBRARIES = YES;
				BUNDLE_LOADER = "$(TEST_HOST)";
				CODE_SIGN_STYLE = Automatic;
				CURRENT_PROJECT_VERSION = 1;
				DEVELOPMENT_TEAM = AQQ727BA3V;
				GENERATE_INFOPLIST_FILE = YES;
				IPHONEOS_DEPLOYMENT_TARGET = 16.4;
				MACOSX_DEPLOYMENT_TARGET = 13.3;
				MARKETING_VERSION = 1.0;
				PRODUCT_BUNDLE_IDENTIFIER = brunno.castigrini.LightstreamerStocksPullingTests;
				PRODUCT_NAME = "$(TARGET_NAME)";
				SDKROOT = auto;
				SUPPORTED_PLATFORMS = "iphoneos iphonesimulator macosx";
				SWIFT_EMIT_LOC_STRINGS = NO;
				SWIFT_VERSION = 5.0;
				TARGETED_DEVICE_FAMILY = "1,2";
				TEST_HOST = "$(BUILT_PRODUCTS_DIR)/LightstreamerStocksPulling.app/$(BUNDLE_EXECUTABLE_FOLDER_PATH)/LightstreamerStocksPulling";
			};
			name = Debug;
		};
		E8C4C3022A4F9EFD005C2935 /* Release */ = {
			isa = XCBuildConfiguration;
			buildSettings = {
				ALWAYS_EMBED_SWIFT_STANDARD_LIBRARIES = YES;
				BUNDLE_LOADER = "$(TEST_HOST)";
				CODE_SIGN_STYLE = Automatic;
				CURRENT_PROJECT_VERSION = 1;
				DEVELOPMENT_TEAM = AQQ727BA3V;
				GENERATE_INFOPLIST_FILE = YES;
				IPHONEOS_DEPLOYMENT_TARGET = 16.4;
				MACOSX_DEPLOYMENT_TARGET = 13.3;
				MARKETING_VERSION = 1.0;
				PRODUCT_BUNDLE_IDENTIFIER = brunno.castigrini.LightstreamerStocksPullingTests;
				PRODUCT_NAME = "$(TARGET_NAME)";
				SDKROOT = auto;
				SUPPORTED_PLATFORMS = "iphoneos iphonesimulator macosx";
				SWIFT_EMIT_LOC_STRINGS = NO;
				SWIFT_VERSION = 5.0;
				TARGETED_DEVICE_FAMILY = "1,2";
				TEST_HOST = "$(BUILT_PRODUCTS_DIR)/LightstreamerStocksPulling.app/$(BUNDLE_EXECUTABLE_FOLDER_PATH)/LightstreamerStocksPulling";
			};
			name = Release;
		};
		E8C4C3042A4F9EFD005C2935 /* Debug */ = {
			isa = XCBuildConfiguration;
			buildSettings = {
				ALWAYS_EMBED_SWIFT_STANDARD_LIBRARIES = YES;
				CODE_SIGN_STYLE = Automatic;
				CURRENT_PROJECT_VERSION = 1;
				DEVELOPMENT_TEAM = AQQ727BA3V;
				GENERATE_INFOPLIST_FILE = YES;
				IPHONEOS_DEPLOYMENT_TARGET = 16.4;
				MACOSX_DEPLOYMENT_TARGET = 13.3;
				MARKETING_VERSION = 1.0;
				PRODUCT_BUNDLE_IDENTIFIER = brunno.castigrini.LightstreamerStocksPullingUITests;
				PRODUCT_NAME = "$(TARGET_NAME)";
				SDKROOT = auto;
				SUPPORTED_PLATFORMS = "iphoneos iphonesimulator macosx";
				SWIFT_EMIT_LOC_STRINGS = NO;
				SWIFT_VERSION = 5.0;
				TARGETED_DEVICE_FAMILY = "1,2";
				TEST_TARGET_NAME = LightstreamerStocksPulling;
			};
			name = Debug;
		};
		E8C4C3052A4F9EFD005C2935 /* Release */ = {
			isa = XCBuildConfiguration;
			buildSettings = {
				ALWAYS_EMBED_SWIFT_STANDARD_LIBRARIES = YES;
				CODE_SIGN_STYLE = Automatic;
				CURRENT_PROJECT_VERSION = 1;
				DEVELOPMENT_TEAM = AQQ727BA3V;
				GENERATE_INFOPLIST_FILE = YES;
				IPHONEOS_DEPLOYMENT_TARGET = 16.4;
				MACOSX_DEPLOYMENT_TARGET = 13.3;
				MARKETING_VERSION = 1.0;
				PRODUCT_BUNDLE_IDENTIFIER = brunno.castigrini.LightstreamerStocksPullingUITests;
				PRODUCT_NAME = "$(TARGET_NAME)";
				SDKROOT = auto;
				SUPPORTED_PLATFORMS = "iphoneos iphonesimulator macosx";
				SWIFT_EMIT_LOC_STRINGS = NO;
				SWIFT_VERSION = 5.0;
				TARGETED_DEVICE_FAMILY = "1,2";
				TEST_TARGET_NAME = LightstreamerStocksPulling;
			};
			name = Release;
		};
/* End XCBuildConfiguration section */

/* Begin XCConfigurationList section */
		E8C4C2D32A4F9EFC005C2935 /* Build configuration list for PBXProject "LightstreamerStocksPulling" */ = {
			isa = XCConfigurationList;
			buildConfigurations = (
				E8C4C2FB2A4F9EFD005C2935 /* Debug */,
				E8C4C2FC2A4F9EFD005C2935 /* Release */,
			);
			defaultConfigurationIsVisible = 0;
			defaultConfigurationName = Release;
		};
		E8C4C2FD2A4F9EFD005C2935 /* Build configuration list for PBXNativeTarget "LightstreamerStocksPulling" */ = {
			isa = XCConfigurationList;
			buildConfigurations = (
				E8C4C2FE2A4F9EFD005C2935 /* Debug */,
				E8C4C2FF2A4F9EFD005C2935 /* Release */,
			);
			defaultConfigurationIsVisible = 0;
			defaultConfigurationName = Release;
		};
		E8C4C3002A4F9EFD005C2935 /* Build configuration list for PBXNativeTarget "LightstreamerStocksPullingTests" */ = {
			isa = XCConfigurationList;
			buildConfigurations = (
				E8C4C3012A4F9EFD005C2935 /* Debug */,
				E8C4C3022A4F9EFD005C2935 /* Release */,
			);
			defaultConfigurationIsVisible = 0;
			defaultConfigurationName = Release;
		};
		E8C4C3032A4F9EFD005C2935 /* Build configuration list for PBXNativeTarget "LightstreamerStocksPullingUITests" */ = {
			isa = XCConfigurationList;
			buildConfigurations = (
				E8C4C3042A4F9EFD005C2935 /* Debug */,
				E8C4C3052A4F9EFD005C2935 /* Release */,
			);
			defaultConfigurationIsVisible = 0;
			defaultConfigurationName = Release;
		};
/* End XCConfigurationList section */
	};
	rootObject = E8C4C2D02A4F9EFC005C2935 /* Project object */;
}
